
Microsoft Visual Studio Solution File, Format Version 12.00
# Visual Studio Version 16
VisualStudioVersion = 16.0.29728.190
MinimumVisualStudioVersion = 10.0.40219.1
Project("{FAE04EC0-301F-11D3-BF4B-00C04F79EFBC}") = "tcipmreact", "tcipmreact\tcipmreact.csproj", "{6C6EFB39-93B1-4C5E-8FC8-2D3082C2F5B9}"
EndProject
Global
	GlobalSection(SolutionConfigurationPlatforms) = preSolution
		Debug|Any CPU = Debug|Any CPU
		Release|Any CPU = Release|Any CPU
	EndGlobalSection
	GlobalSection(ProjectConfigurationPlatforms) = postSolution
		{6C6EFB39-93B1-4C5E-8FC8-2D3082C2F5B9}.Debug|Any CPU.ActiveCfg = Debug|Any CPU
		{6C6EFB39-93B1-4C5E-8FC8-2D3082C2F5B9}.Debug|Any CPU.Build.0 = Debug|Any CPU
		{6C6EFB39-93B1-4C5E-8FC8-2D3082C2F5B9}.Release|Any CPU.ActiveCfg = Release|Any CPU
		{6C6EFB39-93B1-4C5E-8FC8-2D3082C2F5B9}.Release|Any CPU.Build.0 = Release|Any CPU
	EndGlobalSection
	GlobalSection(SolutionProperties) = preSolution
		HideSolutionNode = FALSE
	EndGlobalSection
	GlobalSection(ExtensibilityGlobals) = postSolution
		SolutionGuid = {CDCC52C0-8DCE-44A1-8D94-2A3F778C79D9}
	EndGlobalSection
EndGlobal
